
Microsoft Visual Studio Solution File, Format Version 12.00
# Visual Studio Version 17
VisualStudioVersion = 17.10.35013.160
MinimumVisualStudioVersion = 10.0.40219.1
Project("{FAE04EC0-301F-11D3-BF4B-00C04F79EFBC}") = "Task 2.5", "Task 2.5\Task 2.5.csproj", "{ED8F6818-39ED-4F7E-A6DD-0A1FBE160F89}"
EndProject
Global
	GlobalSection(SolutionConfigurationPlatforms) = preSolution
		Debug|Any CPU = Debug|Any CPU
		Release|Any CPU = Release|Any CPU
	EndGlobalSection
	GlobalSection(ProjectConfigurationPlatforms) = postSolution
		{ED8F6818-39ED-4F7E-A6DD-0A1FBE160F89}.Debug|Any CPU.ActiveCfg = Debug|Any CPU
		{ED8F6818-39ED-4F7E-A6DD-0A1FBE160F89}.Debug|Any CPU.Build.0 = Debug|Any CPU
		{ED8F6818-39ED-4F7E-A6DD-0A1FBE160F89}.Release|Any CPU.ActiveCfg = Release|Any CPU
		{ED8F6818-39ED-4F7E-A6DD-0A1FBE160F89}.Release|Any CPU.Build.0 = Release|Any CPU
	EndGlobalSection
	GlobalSection(SolutionProperties) = preSolution
		HideSolutionNode = FALSE
	EndGlobalSection
	GlobalSection(ExtensibilityGlobals) = postSolution
		SolutionGuid = {87CA9B24-6220-4469-AB0C-062B9E3B9A34}
	EndGlobalSection
EndGlobal
